
Microsoft Visual Studio Solution File, Format Version 12.00
# Visual Studio Version 16
VisualStudioVersion = 16.0.29424.173
MinimumVisualStudioVersion = 10.0.40219.1
Project("{9A19103F-16F7-4668-BE54-9A1E7A4F7556}") = "PI.CursoAngular.API", "PI.CursoAngular.API.dotnet\PI.CursoAngular.API\PI.CursoAngular.API.csproj", "{53F43D8D-C801-4AE2-A580-9CF23CA03512}"
EndProject
Project("{FAE04EC0-301F-11D3-BF4B-00C04F79EFBC}") = "PI.CursoAngular.Repo.MariaDB", "PI.CursoAngular.API.dotnet\PI.CursoAngular.Repo.MariaDB\PI.CursoAngular.Repo.MariaDB.csproj", "{DAAD9295-BE72-492B-A741-6B02C2C2FBF2}"
EndProject
Global
	GlobalSection(SolutionConfigurationPlatforms) = preSolution
		Debug|Any CPU = Debug|Any CPU
		Release|Any CPU = Release|Any CPU
	EndGlobalSection
	GlobalSection(ProjectConfigurationPlatforms) = postSolution
		{53F43D8D-C801-4AE2-A580-9CF23CA03512}.Debug|Any CPU.ActiveCfg = Debug|Any CPU
		{53F43D8D-C801-4AE2-A580-9CF23CA03512}.Debug|Any CPU.Build.0 = Debug|Any CPU
		{53F43D8D-C801-4AE2-A580-9CF23CA03512}.Release|Any CPU.ActiveCfg = Release|Any CPU
		{53F43D8D-C801-4AE2-A580-9CF23CA03512}.Release|Any CPU.Build.0 = Release|Any CPU
		{DAAD9295-BE72-492B-A741-6B02C2C2FBF2}.Debug|Any CPU.ActiveCfg = Debug|Any CPU
		{DAAD9295-BE72-492B-A741-6B02C2C2FBF2}.Debug|Any CPU.Build.0 = Debug|Any CPU
		{DAAD9295-BE72-492B-A741-6B02C2C2FBF2}.Release|Any CPU.ActiveCfg = Release|Any CPU
		{DAAD9295-BE72-492B-A741-6B02C2C2FBF2}.Release|Any CPU.Build.0 = Release|Any CPU
	EndGlobalSection
	GlobalSection(SolutionProperties) = preSolution
		HideSolutionNode = FALSE
	EndGlobalSection
	GlobalSection(ExtensibilityGlobals) = postSolution
		SolutionGuid = {9AC3D486-2AA2-4334-A093-E98769FA20D4}
	EndGlobalSection
EndGlobal
