
Microsoft Visual Studio Solution File, Format Version 12.00
# Visual Studio Version 16
VisualStudioVersion = 16.0.29424.173
MinimumVisualStudioVersion = 10.0.40219.1
Project("{9A19103F-16F7-4668-BE54-9A1E7A4F7556}") = "PI.CursoAngular.API.dotnet", "PI.CursoAngular.API.dotnet\PI.CursoAngular.API.dotnet.csproj", "{FD469377-8F72-4EF0-AFFE-2F375D55EF2A}"
EndProject
Global
	GlobalSection(SolutionConfigurationPlatforms) = preSolution
		Debug|Any CPU = Debug|Any CPU
		Release|Any CPU = Release|Any CPU
	EndGlobalSection
	GlobalSection(ProjectConfigurationPlatforms) = postSolution
		{FD469377-8F72-4EF0-AFFE-2F375D55EF2A}.Debug|Any CPU.ActiveCfg = Debug|Any CPU
		{FD469377-8F72-4EF0-AFFE-2F375D55EF2A}.Debug|Any CPU.Build.0 = Debug|Any CPU
		{FD469377-8F72-4EF0-AFFE-2F375D55EF2A}.Release|Any CPU.ActiveCfg = Release|Any CPU
		{FD469377-8F72-4EF0-AFFE-2F375D55EF2A}.Release|Any CPU.Build.0 = Release|Any CPU
	EndGlobalSection
	GlobalSection(SolutionProperties) = preSolution
		HideSolutionNode = FALSE
	EndGlobalSection
	GlobalSection(ExtensibilityGlobals) = postSolution
		SolutionGuid = {9AC3D486-2AA2-4334-A093-E98769FA20D4}
	EndGlobalSection
EndGlobal